
Microsoft Visual Studio Solution File, Format Version 11.00
# Visual Studio 2010
Project("{FAE04EC0-301F-11D3-BF4B-00C04F79EFBC}") = "Assembly-CSharp", "Assembly-CSharp.csproj", "{171D607C-5913-CD94-2EBF-C96CC0BC0FBC}"
EndProject
Project("{FAE04EC0-301F-11D3-BF4B-00C04F79EFBC}") = "Assembly-CSharp-Editor", "Assembly-CSharp-Editor.csproj", "{C65A2771-7528-735F-7C3A-E14C43DE8F88}"
EndProject
Global
	GlobalSection(SolutionConfigurationPlatforms) = preSolution
		Debug|Any CPU = Debug|Any CPU
		Release|Any CPU = Release|Any CPU
	EndGlobalSection
	GlobalSection(ProjectConfigurationPlatforms) = postSolution
		{171D607C-5913-CD94-2EBF-C96CC0BC0FBC}.Debug|Any CPU.ActiveCfg = Debug|Any CPU
		{171D607C-5913-CD94-2EBF-C96CC0BC0FBC}.Debug|Any CPU.Build.0 = Debug|Any CPU
		{171D607C-5913-CD94-2EBF-C96CC0BC0FBC}.Release|Any CPU.ActiveCfg = Release|Any CPU
		{171D607C-5913-CD94-2EBF-C96CC0BC0FBC}.Release|Any CPU.Build.0 = Release|Any CPU
		{C65A2771-7528-735F-7C3A-E14C43DE8F88}.Debug|Any CPU.ActiveCfg = Debug|Any CPU
		{C65A2771-7528-735F-7C3A-E14C43DE8F88}.Debug|Any CPU.Build.0 = Debug|Any CPU
		{C65A2771-7528-735F-7C3A-E14C43DE8F88}.Release|Any CPU.ActiveCfg = Release|Any CPU
		{C65A2771-7528-735F-7C3A-E14C43DE8F88}.Release|Any CPU.Build.0 = Release|Any CPU
	EndGlobalSection
	GlobalSection(SolutionProperties) = preSolution
		HideSolutionNode = FALSE
	EndGlobalSection
	GlobalSection(MonoDevelopProperties) = preSolution
		StartupItem = Assembly-CSharp.csproj
	EndGlobalSection
EndGlobal
